
Microsoft Visual Studio Solution File, Format Version 12.00
# Visual Studio 15
VisualStudioVersion = 15.0.27130.2027
MinimumVisualStudioVersion = 10.0.40219.1
Project("{9A19103F-16F7-4668-BE54-9A1E7A4F7556}") = "Robonauts", "Robonauts\Robonauts.csproj", "{A26490B1-CCE6-4DBE-A61A-092B0654F8AB}"
EndProject
Global
	GlobalSection(SolutionConfigurationPlatforms) = preSolution
		Debug|Any CPU = Debug|Any CPU
		Release|Any CPU = Release|Any CPU
	EndGlobalSection
	GlobalSection(ProjectConfigurationPlatforms) = postSolution
		{A26490B1-CCE6-4DBE-A61A-092B0654F8AB}.Debug|Any CPU.ActiveCfg = Debug|Any CPU
		{A26490B1-CCE6-4DBE-A61A-092B0654F8AB}.Debug|Any CPU.Build.0 = Debug|Any CPU
		{A26490B1-CCE6-4DBE-A61A-092B0654F8AB}.Release|Any CPU.ActiveCfg = Release|Any CPU
		{A26490B1-CCE6-4DBE-A61A-092B0654F8AB}.Release|Any CPU.Build.0 = Release|Any CPU
	EndGlobalSection
	GlobalSection(SolutionProperties) = preSolution
		HideSolutionNode = FALSE
	EndGlobalSection
	GlobalSection(ExtensibilityGlobals) = postSolution
		SolutionGuid = {A4B0718B-82BC-48A2-8BA8-D26BE826F44A}
	EndGlobalSection
EndGlobal
